
Microsoft Visual Studio Solution File, Format Version 12.00
# Visual Studio Version 16
VisualStudioVersion = 16.0.31624.102
MinimumVisualStudioVersion = 10.0.40219.1
Project("{FAE04EC0-301F-11D3-BF4B-00C04F79EFBC}") = "CollegeAPI", "CollegeAPI\CollegeAPI.csproj", "{CC363C3A-6D5F-4237-ABA3-0D13808052C1}"
EndProject
Global
	GlobalSection(SolutionConfigurationPlatforms) = preSolution
		Debug|Any CPU = Debug|Any CPU
		Release|Any CPU = Release|Any CPU
	EndGlobalSection
	GlobalSection(ProjectConfigurationPlatforms) = postSolution
		{CC363C3A-6D5F-4237-ABA3-0D13808052C1}.Debug|Any CPU.ActiveCfg = Debug|Any CPU
		{CC363C3A-6D5F-4237-ABA3-0D13808052C1}.Debug|Any CPU.Build.0 = Debug|Any CPU
		{CC363C3A-6D5F-4237-ABA3-0D13808052C1}.Release|Any CPU.ActiveCfg = Release|Any CPU
		{CC363C3A-6D5F-4237-ABA3-0D13808052C1}.Release|Any CPU.Build.0 = Release|Any CPU
	EndGlobalSection
	GlobalSection(SolutionProperties) = preSolution
		HideSolutionNode = FALSE
	EndGlobalSection
	GlobalSection(ExtensibilityGlobals) = postSolution
		SolutionGuid = {FC9E9803-822A-4CE7-B27C-F22284EAC5BF}
	EndGlobalSection
EndGlobal
